// !$*UTF8*$!
{
	archiveVersion = 1;
	classes = {
	};
	objectVersion = 77;
	objects = {

/* Begin PBXBuildFile section */
		8BDC600B2D9B0AEC00EB478F /* CountryGuruCore.framework in Frameworks */ = {isa = PBXBuildFile; fileRef = 8BE00CB42D7F7E9800764127 /* CountryGuruCore.framework */; platformFilter = ios; };
		8BE00CBD2D7F7E9800764127 /* CountryGuruCore.framework in Frameworks */ = {isa = PBXBuildFile; fileRef = 8BE00CB42D7F7E9800764127 /* CountryGuruCore.framework */; };
/* End PBXBuildFile section */

/* Begin PBXContainerItemProxy section */
		8BDC600C2D9B0AEC00EB478F /* PBXContainerItemProxy */ = {
			isa = PBXContainerItemProxy;
			containerPortal = 8BE00CAB2D7F7E9800764127 /* Project object */;
			proxyType = 1;
			remoteGlobalIDString = 8BE00CB32D7F7E9800764127;
			remoteInfo = CountryGuruCore;
		};
		8BE00CBE2D7F7E9800764127 /* PBXContainerItemProxy */ = {
			isa = PBXContainerItemProxy;
			containerPortal = 8BE00CAB2D7F7E9800764127 /* Project object */;
			proxyType = 1;
			remoteGlobalIDString = 8BE00CB32D7F7E9800764127;
			remoteInfo = CountryGuruCore;
		};
/* End PBXContainerItemProxy section */

/* Begin PBXFileReference section */
		8B29485C2D806AB400F5FD29 /* CountryGuruCore.xctestplan */ = {isa = PBXFileReference; lastKnownFileType = text; name = CountryGuruCore.xctestplan; path = CountryGuruCoreTests/CountryGuruCore.xctestplan; sourceTree = "<group>"; };
		8BDC60072D9B0AEC00EB478F /* CountryGuruCoreIntegrationTests.xctest */ = {isa = PBXFileReference; explicitFileType = wrapper.cfbundle; includeInIndex = 0; path = CountryGuruCoreIntegrationTests.xctest; sourceTree = BUILT_PRODUCTS_DIR; };
		8BE00CB42D7F7E9800764127 /* CountryGuruCore.framework */ = {isa = PBXFileReference; explicitFileType = wrapper.framework; includeInIndex = 0; path = CountryGuruCore.framework; sourceTree = BUILT_PRODUCTS_DIR; };
		8BE00CBC2D7F7E9800764127 /* CountryGuruCoreTests.xctest */ = {isa = PBXFileReference; explicitFileType = wrapper.cfbundle; includeInIndex = 0; path = CountryGuruCoreTests.xctest; sourceTree = BUILT_PRODUCTS_DIR; };
/* End PBXFileReference section */

/* Begin PBXFileSystemSynchronizedBuildFileExceptionSet section */
		8BE00CC42D7F7E9800764127 /* Exceptions for "CountryGuruCore" folder in "CountryGuruCore" target */ = {
			isa = PBXFileSystemSynchronizedBuildFileExceptionSet;
			publicHeaders = (
				CountryGuruCore.h,
			);
			target = 8BE00CB32D7F7E9800764127 /* CountryGuruCore */;
		};
/* End PBXFileSystemSynchronizedBuildFileExceptionSet section */

/* Begin PBXFileSystemSynchronizedRootGroup section */
		8BDC60082D9B0AEC00EB478F /* CountryGuruCoreIntegrationTests */ = {
			isa = PBXFileSystemSynchronizedRootGroup;
			path = CountryGuruCoreIntegrationTests;
			sourceTree = "<group>";
		};
		8BE00CB62D7F7E9800764127 /* CountryGuruCore */ = {
			isa = PBXFileSystemSynchronizedRootGroup;
			exceptions = (
				8BE00CC42D7F7E9800764127 /* Exceptions for "CountryGuruCore" folder in "CountryGuruCore" target */,
			);
			path = CountryGuruCore;
			sourceTree = "<group>";
		};
		8BE00CC02D7F7E9800764127 /* CountryGuruCoreTests */ = {
			isa = PBXFileSystemSynchronizedRootGroup;
			path = CountryGuruCoreTests;
			sourceTree = "<group>";
		};
/* End PBXFileSystemSynchronizedRootGroup section */

/* Begin PBXFrameworksBuildPhase section */
		8BDC60042D9B0AEC00EB478F /* Frameworks */ = {
			isa = PBXFrameworksBuildPhase;
			buildActionMask = 2147483647;
			files = (
				8BDC600B2D9B0AEC00EB478F /* CountryGuruCore.framework in Frameworks */,
			);
			runOnlyForDeploymentPostprocessing = 0;
		};
		8BE00CB12D7F7E9800764127 /* Frameworks */ = {
			isa = PBXFrameworksBuildPhase;
			buildActionMask = 2147483647;
			files = (
			);
			runOnlyForDeploymentPostprocessing = 0;
		};
		8BE00CB92D7F7E9800764127 /* Frameworks */ = {
			isa = PBXFrameworksBuildPhase;
			buildActionMask = 2147483647;
			files = (
				8BE00CBD2D7F7E9800764127 /* CountryGuruCore.framework in Frameworks */,
			);
			runOnlyForDeploymentPostprocessing = 0;
		};
/* End PBXFrameworksBuildPhase section */

/* Begin PBXGroup section */
		8BE00CAA2D7F7E9800764127 = {
			isa = PBXGroup;
			children = (
				8B29485C2D806AB400F5FD29 /* CountryGuruCore.xctestplan */,
				8BE00CB62D7F7E9800764127 /* CountryGuruCore */,
				8BE00CC02D7F7E9800764127 /* CountryGuruCoreTests */,
				8BDC60082D9B0AEC00EB478F /* CountryGuruCoreIntegrationTests */,
				8BE00CB52D7F7E9800764127 /* Products */,
			);
			sourceTree = "<group>";
		};
		8BE00CB52D7F7E9800764127 /* Products */ = {
			isa = PBXGroup;
			children = (
				8BE00CB42D7F7E9800764127 /* CountryGuruCore.framework */,
				8BE00CBC2D7F7E9800764127 /* CountryGuruCoreTests.xctest */,
				8BDC60072D9B0AEC00EB478F /* CountryGuruCoreIntegrationTests.xctest */,
			);
			name = Products;
			sourceTree = "<group>";
		};
/* End PBXGroup section */

/* Begin PBXHeadersBuildPhase section */
		8BE00CAF2D7F7E9800764127 /* Headers */ = {
			isa = PBXHeadersBuildPhase;
			buildActionMask = 2147483647;
			files = (
			);
			runOnlyForDeploymentPostprocessing = 0;
		};
/* End PBXHeadersBuildPhase section */

/* Begin PBXNativeTarget section */
		8BDC60062D9B0AEC00EB478F /* CountryGuruCoreIntegrationTests */ = {
			isa = PBXNativeTarget;
			buildConfigurationList = 8BDC60102D9B0AEC00EB478F /* Build configuration list for PBXNativeTarget "CountryGuruCoreIntegrationTests" */;
			buildPhases = (
				8BDC60032D9B0AEC00EB478F /* Sources */,
				8BDC60042D9B0AEC00EB478F /* Frameworks */,
				8BDC60052D9B0AEC00EB478F /* Resources */,
			);
			buildRules = (
			);
			dependencies = (
				8BDC600D2D9B0AEC00EB478F /* PBXTargetDependency */,
			);
			fileSystemSynchronizedGroups = (
				8BDC60082D9B0AEC00EB478F /* CountryGuruCoreIntegrationTests */,
			);
			name = CountryGuruCoreIntegrationTests;
			packageProductDependencies = (
			);
			productName = CountryGuruCoreIntegrationTests;
			productReference = 8BDC60072D9B0AEC00EB478F /* CountryGuruCoreIntegrationTests.xctest */;
			productType = "com.apple.product-type.bundle.unit-test";
		};
		8BE00CB32D7F7E9800764127 /* CountryGuruCore */ = {
			isa = PBXNativeTarget;
			buildConfigurationList = 8BE00CC52D7F7E9800764127 /* Build configuration list for PBXNativeTarget "CountryGuruCore" */;
			buildPhases = (
				8BE00CAF2D7F7E9800764127 /* Headers */,
				8B91C76E2D973C9400CDDE86 /* swiftformat */,
				8BE00CB02D7F7E9800764127 /* Sources */,
				8BE00CB12D7F7E9800764127 /* Frameworks */,
				8BE00CB22D7F7E9800764127 /* Resources */,
			);
			buildRules = (
			);
			dependencies = (
			);
			fileSystemSynchronizedGroups = (
				8BE00CB62D7F7E9800764127 /* CountryGuruCore */,
			);
			name = CountryGuruCore;
			packageProductDependencies = (
			);
			productName = CountryGuruCore;
			productReference = 8BE00CB42D7F7E9800764127 /* CountryGuruCore.framework */;
			productType = "com.apple.product-type.framework";
		};
		8BE00CBB2D7F7E9800764127 /* CountryGuruCoreTests */ = {
			isa = PBXNativeTarget;
			buildConfigurationList = 8BE00CCA2D7F7E9800764127 /* Build configuration list for PBXNativeTarget "CountryGuruCoreTests" */;
			buildPhases = (
				8BE00CB82D7F7E9800764127 /* Sources */,
				8BE00CB92D7F7E9800764127 /* Frameworks */,
				8BE00CBA2D7F7E9800764127 /* Resources */,
			);
			buildRules = (
			);
			dependencies = (
				8BE00CBF2D7F7E9800764127 /* PBXTargetDependency */,
			);
			fileSystemSynchronizedGroups = (
				8BE00CC02D7F7E9800764127 /* CountryGuruCoreTests */,
			);
			name = CountryGuruCoreTests;
			packageProductDependencies = (
			);
			productName = CountryGuruCoreTests;
			productReference = 8BE00CBC2D7F7E9800764127 /* CountryGuruCoreTests.xctest */;
			productType = "com.apple.product-type.bundle.unit-test";
		};
/* End PBXNativeTarget section */

/* Begin PBXProject section */
		8BE00CAB2D7F7E9800764127 /* Project object */ = {
			isa = PBXProject;
			attributes = {
				BuildIndependentTargetsInParallel = 1;
				LastSwiftUpdateCheck = 1610;
				LastUpgradeCheck = 1610;
				TargetAttributes = {
					8BDC60062D9B0AEC00EB478F = {
						CreatedOnToolsVersion = 16.1;
					};
					8BE00CB32D7F7E9800764127 = {
						CreatedOnToolsVersion = 16.1;
						LastSwiftMigration = 1610;
					};
					8BE00CBB2D7F7E9800764127 = {
						CreatedOnToolsVersion = 16.1;
					};
				};
			};
			buildConfigurationList = 8BE00CAE2D7F7E9800764127 /* Build configuration list for PBXProject "CountryGuruCore" */;
			developmentRegion = en;
			hasScannedForEncodings = 0;
			knownRegions = (
				en,
				Base,
			);
			mainGroup = 8BE00CAA2D7F7E9800764127;
			minimizedProjectReferenceProxies = 1;
			preferredProjectObjectVersion = 77;
			productRefGroup = 8BE00CB52D7F7E9800764127 /* Products */;
			projectDirPath = "";
			projectRoot = "";
			targets = (
				8BE00CB32D7F7E9800764127 /* CountryGuruCore */,
				8BE00CBB2D7F7E9800764127 /* CountryGuruCoreTests */,
				8BDC60062D9B0AEC00EB478F /* CountryGuruCoreIntegrationTests */,
			);
		};
/* End PBXProject section */

/* Begin PBXResourcesBuildPhase section */
		8BDC60052D9B0AEC00EB478F /* Resources */ = {
			isa = PBXResourcesBuildPhase;
			buildActionMask = 2147483647;
			files = (
			);
			runOnlyForDeploymentPostprocessing = 0;
		};
		8BE00CB22D7F7E9800764127 /* Resources */ = {
			isa = PBXResourcesBuildPhase;
			buildActionMask = 2147483647;
			files = (
			);
			runOnlyForDeploymentPostprocessing = 0;
		};
		8BE00CBA2D7F7E9800764127 /* Resources */ = {
			isa = PBXResourcesBuildPhase;
			buildActionMask = 2147483647;
			files = (
			);
			runOnlyForDeploymentPostprocessing = 0;
		};
/* End PBXResourcesBuildPhase section */

/* Begin PBXShellScriptBuildPhase section */
		8B91C76E2D973C9400CDDE86 /* swiftformat */ = {
			isa = PBXShellScriptBuildPhase;
			alwaysOutOfDate = 1;
			buildActionMask = 2147483647;
			files = (
			);
			inputFileListPaths = (
			);
			inputPaths = (
			);
			name = swiftformat;
			outputFileListPaths = (
			);
			outputPaths = (
			);
			runOnlyForDeploymentPostprocessing = 0;
			shellPath = /bin/sh;
			shellScript = "cd ../BuildTools\nSDKROOT=(xcrun --sdk macosx --show-sdk-path)\n#swift package update #Uncomment this line temporarily to update the version used to the latest matching your BuildTools/Package.swift file\nswift run -c release swiftformat \"$SRCROOT\" --config \"../.swiftformat\"\n";
		};
/* End PBXShellScriptBuildPhase section */

/* Begin PBXSourcesBuildPhase section */
		8BDC60032D9B0AEC00EB478F /* Sources */ = {
			isa = PBXSourcesBuildPhase;
			buildActionMask = 2147483647;
			files = (
			);
			runOnlyForDeploymentPostprocessing = 0;
		};
		8BE00CB02D7F7E9800764127 /* Sources */ = {
			isa = PBXSourcesBuildPhase;
			buildActionMask = 2147483647;
			files = (
			);
			runOnlyForDeploymentPostprocessing = 0;
		};
		8BE00CB82D7F7E9800764127 /* Sources */ = {
			isa = PBXSourcesBuildPhase;
			buildActionMask = 2147483647;
			files = (
			);
			runOnlyForDeploymentPostprocessing = 0;
		};
/* End PBXSourcesBuildPhase section */

/* Begin PBXTargetDependency section */
		8BDC600D2D9B0AEC00EB478F /* PBXTargetDependency */ = {
			isa = PBXTargetDependency;
			platformFilter = ios;
			target = 8BE00CB32D7F7E9800764127 /* CountryGuruCore */;
			targetProxy = 8BDC600C2D9B0AEC00EB478F /* PBXContainerItemProxy */;
		};
		8BE00CBF2D7F7E9800764127 /* PBXTargetDependency */ = {
			isa = PBXTargetDependency;
			target = 8BE00CB32D7F7E9800764127 /* CountryGuruCore */;
			targetProxy = 8BE00CBE2D7F7E9800764127 /* PBXContainerItemProxy */;
		};
/* End PBXTargetDependency section */

/* Begin XCBuildConfiguration section */
		8BDC600E2D9B0AEC00EB478F /* Debug */ = {
			isa = XCBuildConfiguration;
			buildSettings = {
				CODE_SIGN_STYLE = Automatic;
				CURRENT_PROJECT_VERSION = 1;
				GENERATE_INFOPLIST_FILE = YES;
				IPHONEOS_DEPLOYMENT_TARGET = 18.1;
				MARKETING_VERSION = 1.0;
				PRODUCT_BUNDLE_IDENTIFIER = com.ed..CountryGuruCoreIntegrationTests;
				PRODUCT_NAME = "$(TARGET_NAME)";
				SDKROOT = iphoneos;
				SWIFT_EMIT_LOC_STRINGS = NO;
				SWIFT_VERSION = 5.0;
				TARGETED_DEVICE_FAMILY = "1,2";
			};
			name = Debug;
		};
		8BDC600F2D9B0AEC00EB478F /* Release */ = {
			isa = XCBuildConfiguration;
			buildSettings = {
				CODE_SIGN_STYLE = Automatic;
				CURRENT_PROJECT_VERSION = 1;
				GENERATE_INFOPLIST_FILE = YES;
				IPHONEOS_DEPLOYMENT_TARGET = 18.1;
				MARKETING_VERSION = 1.0;
				PRODUCT_BUNDLE_IDENTIFIER = com.ed..CountryGuruCoreIntegrationTests;
				PRODUCT_NAME = "$(TARGET_NAME)";
				SDKROOT = iphoneos;
				SWIFT_EMIT_LOC_STRINGS = NO;
				SWIFT_VERSION = 5.0;
				TARGETED_DEVICE_FAMILY = "1,2";
				VALIDATE_PRODUCT = YES;
			};
			name = Release;
		};
		8BE00CC62D7F7E9800764127 /* Debug */ = {
			isa = XCBuildConfiguration;
			buildSettings = {
				BUILD_LIBRARY_FOR_DISTRIBUTION = YES;
				CLANG_ENABLE_MODULES = YES;
				CODE_SIGN_STYLE = Automatic;
				COMBINE_HIDPI_IMAGES = YES;
				CURRENT_PROJECT_VERSION = 1;
				DEFINES_MODULE = YES;
				DYLIB_COMPATIBILITY_VERSION = 1;
				DYLIB_CURRENT_VERSION = 1;
				DYLIB_INSTALL_NAME_BASE = "@rpath";
				ENABLE_MODULE_VERIFIER = NO;
				ENABLE_USER_SCRIPT_SANDBOXING = NO;
				GENERATE_INFOPLIST_FILE = YES;
				INFOPLIST_KEY_NSHumanReadableCopyright = "";
				INSTALL_PATH = "$(LOCAL_LIBRARY_DIR)/Frameworks";
				IPHONEOS_DEPLOYMENT_TARGET = 16.6;
				LD_RUNPATH_SEARCH_PATHS = (
					"$(inherited)",
					"@executable_path/../Frameworks",
					"@loader_path/Frameworks",
				);
				MACOSX_DEPLOYMENT_TARGET = 14.6;
				MARKETING_VERSION = 1.0;
				MODULE_VERIFIER_SUPPORTED_LANGUAGES = "objective-c objective-c++";
				MODULE_VERIFIER_SUPPORTED_LANGUAGE_STANDARDS = "gnu17 gnu++20";
				PRODUCT_BUNDLE_IDENTIFIER = com.ed..CountryGuruCore;
				PRODUCT_NAME = "$(TARGET_NAME:c99extidentifier)";
				SKIP_INSTALL = YES;
				SUPPORTED_PLATFORMS = "iphoneos iphonesimulator macosx";
				SUPPORTS_MACCATALYST = NO;
				SWIFT_EMIT_LOC_STRINGS = YES;
				SWIFT_INSTALL_OBJC_HEADER = NO;
				SWIFT_OPTIMIZATION_LEVEL = "-Onone";
				SWIFT_STRICT_CONCURRENCY = complete;
				SWIFT_VERSION = 6.0;
				TARGETED_DEVICE_FAMILY = 1;
			};
			name = Debug;
		};
		8BE00CC72D7F7E9800764127 /* Release */ = {
			isa = XCBuildConfiguration;
			buildSettings = {
				BUILD_LIBRARY_FOR_DISTRIBUTION = YES;
				CLANG_ENABLE_MODULES = YES;
				CODE_SIGN_STYLE = Automatic;
				COMBINE_HIDPI_IMAGES = YES;
				CURRENT_PROJECT_VERSION = 1;
				DEFINES_MODULE = YES;
				DYLIB_COMPATIBILITY_VERSION = 1;
				DYLIB_CURRENT_VERSION = 1;
				DYLIB_INSTALL_NAME_BASE = "@rpath";
				ENABLE_MODULE_VERIFIER = NO;
				ENABLE_USER_SCRIPT_SANDBOXING = NO;
				GENERATE_INFOPLIST_FILE = YES;
				INFOPLIST_KEY_NSHumanReadableCopyright = "";
				INSTALL_PATH = "$(LOCAL_LIBRARY_DIR)/Frameworks";
				IPHONEOS_DEPLOYMENT_TARGET = 16.6;
				LD_RUNPATH_SEARCH_PATHS = (
					"$(inherited)",
					"@executable_path/../Frameworks",
					"@loader_path/Frameworks",
				);
				MACOSX_DEPLOYMENT_TARGET = 14.6;
				MARKETING_VERSION = 1.0;
				MODULE_VERIFIER_SUPPORTED_LANGUAGES = "objective-c objective-c++";
				MODULE_VERIFIER_SUPPORTED_LANGUAGE_STANDARDS = "gnu17 gnu++20";
				PRODUCT_BUNDLE_IDENTIFIER = com.ed..CountryGuruCore;
				PRODUCT_NAME = "$(TARGET_NAME:c99extidentifier)";
				SKIP_INSTALL = YES;
				SUPPORTED_PLATFORMS = "iphoneos iphonesimulator macosx";
				SUPPORTS_MACCATALYST = NO;
				SWIFT_EMIT_LOC_STRINGS = YES;
				SWIFT_INSTALL_OBJC_HEADER = NO;
				SWIFT_STRICT_CONCURRENCY = complete;
				SWIFT_VERSION = 6.0;
				TARGETED_DEVICE_FAMILY = 1;
			};
			name = Release;
		};
		8BE00CC82D7F7E9800764127 /* Debug */ = {
			isa = XCBuildConfiguration;
			buildSettings = {
				ALWAYS_SEARCH_USER_PATHS = NO;
				ASSETCATALOG_COMPILER_GENERATE_SWIFT_ASSET_SYMBOL_EXTENSIONS = YES;
				CLANG_ANALYZER_NONNULL = YES;
				CLANG_ANALYZER_NUMBER_OBJECT_CONVERSION = YES_AGGRESSIVE;
				CLANG_CXX_LANGUAGE_STANDARD = "gnu++20";
				CLANG_ENABLE_MODULES = YES;
				CLANG_ENABLE_OBJC_ARC = YES;
				CLANG_ENABLE_OBJC_WEAK = YES;
				CLANG_WARN_BLOCK_CAPTURE_AUTORELEASING = YES;
				CLANG_WARN_BOOL_CONVERSION = YES;
				CLANG_WARN_COMMA = YES;
				CLANG_WARN_CONSTANT_CONVERSION = YES;
				CLANG_WARN_DEPRECATED_OBJC_IMPLEMENTATIONS = YES;
				CLANG_WARN_DIRECT_OBJC_ISA_USAGE = YES_ERROR;
				CLANG_WARN_DOCUMENTATION_COMMENTS = YES;
				CLANG_WARN_EMPTY_BODY = YES;
				CLANG_WARN_ENUM_CONVERSION = YES;
				CLANG_WARN_INFINITE_RECURSION = YES;
				CLANG_WARN_INT_CONVERSION = YES;
				CLANG_WARN_NON_LITERAL_NULL_CONVERSION = YES;
				CLANG_WARN_OBJC_IMPLICIT_RETAIN_SELF = YES;
				CLANG_WARN_OBJC_LITERAL_CONVERSION = YES;
				CLANG_WARN_OBJC_ROOT_CLASS = YES_ERROR;
				CLANG_WARN_QUOTED_INCLUDE_IN_FRAMEWORK_HEADER = YES;
				CLANG_WARN_RANGE_LOOP_ANALYSIS = YES;
				CLANG_WARN_STRICT_PROTOTYPES = YES;
				CLANG_WARN_SUSPICIOUS_MOVE = YES;
				CLANG_WARN_UNGUARDED_AVAILABILITY = YES_AGGRESSIVE;
				CLANG_WARN_UNREACHABLE_CODE = YES;
				CLANG_WARN__DUPLICATE_METHOD_MATCH = YES;
				COPY_PHASE_STRIP = NO;
				CURRENT_PROJECT_VERSION = 1;
				DEBUG_INFORMATION_FORMAT = dwarf;
				ENABLE_STRICT_OBJC_MSGSEND = YES;
				ENABLE_TESTABILITY = YES;
				ENABLE_USER_SCRIPT_SANDBOXING = YES;
				GCC_C_LANGUAGE_STANDARD = gnu17;
				GCC_DYNAMIC_NO_PIC = NO;
				GCC_NO_COMMON_BLOCKS = YES;
				GCC_OPTIMIZATION_LEVEL = 0;
				GCC_PREPROCESSOR_DEFINITIONS = (
					"DEBUG=1",
					"$(inherited)",
				);
				GCC_WARN_64_TO_32_BIT_CONVERSION = YES;
				GCC_WARN_ABOUT_RETURN_TYPE = YES_ERROR;
				GCC_WARN_UNDECLARED_SELECTOR = YES;
				GCC_WARN_UNINITIALIZED_AUTOS = YES_AGGRESSIVE;
				GCC_WARN_UNUSED_FUNCTION = YES;
				GCC_WARN_UNUSED_VARIABLE = YES;
				LOCALIZATION_PREFERS_STRING_CATALOGS = YES;
				MACOSX_DEPLOYMENT_TARGET = 15.1;
				MTL_ENABLE_DEBUG_INFO = INCLUDE_SOURCE;
				MTL_FAST_MATH = YES;
				ONLY_ACTIVE_ARCH = YES;
				SDKROOT = macosx;
				SWIFT_ACTIVE_COMPILATION_CONDITIONS = "DEBUG $(inherited)";
				SWIFT_OPTIMIZATION_LEVEL = "-Onone";
				VERSIONING_SYSTEM = "apple-generic";
				VERSION_INFO_PREFIX = "";
			};
			name = Debug;
		};
		8BE00CC92D7F7E9800764127 /* Release */ = {
			isa = XCBuildConfiguration;
			buildSettings = {
				ALWAYS_SEARCH_USER_PATHS = NO;
				ASSETCATALOG_COMPILER_GENERATE_SWIFT_ASSET_SYMBOL_EXTENSIONS = YES;
				CLANG_ANALYZER_NONNULL = YES;
				CLANG_ANALYZER_NUMBER_OBJECT_CONVERSION = YES_AGGRESSIVE;
				CLANG_CXX_LANGUAGE_STANDARD = "gnu++20";
				CLANG_ENABLE_MODULES = YES;
				CLANG_ENABLE_OBJC_ARC = YES;
				CLANG_ENABLE_OBJC_WEAK = YES;
				CLANG_WARN_BLOCK_CAPTURE_AUTORELEASING = YES;
				CLANG_WARN_BOOL_CONVERSION = YES;
				CLANG_WARN_COMMA = YES;
				CLANG_WARN_CONSTANT_CONVERSION = YES;
				CLANG_WARN_DEPRECATED_OBJC_IMPLEMENTATIONS = YES;
				CLANG_WARN_DIRECT_OBJC_ISA_USAGE = YES_ERROR;
				CLANG_WARN_DOCUMENTATION_COMMENTS = YES;
				CLANG_WARN_EMPTY_BODY = YES;
				CLANG_WARN_ENUM_CONVERSION = YES;
				CLANG_WARN_INFINITE_RECURSION = YES;
				CLANG_WARN_INT_CONVERSION = YES;
				CLANG_WARN_NON_LITERAL_NULL_CONVERSION = YES;
				CLANG_WARN_OBJC_IMPLICIT_RETAIN_SELF = YES;
				CLANG_WARN_OBJC_LITERAL_CONVERSION = YES;
				CLANG_WARN_OBJC_ROOT_CLASS = YES_ERROR;
				CLANG_WARN_QUOTED_INCLUDE_IN_FRAMEWORK_HEADER = YES;
				CLANG_WARN_RANGE_LOOP_ANALYSIS = YES;
				CLANG_WARN_STRICT_PROTOTYPES = YES;
				CLANG_WARN_SUSPICIOUS_MOVE = YES;
				CLANG_WARN_UNGUARDED_AVAILABILITY = YES_AGGRESSIVE;
				CLANG_WARN_UNREACHABLE_CODE = YES;
				CLANG_WARN__DUPLICATE_METHOD_MATCH = YES;
				COPY_PHASE_STRIP = NO;
				CURRENT_PROJECT_VERSION = 1;
				DEBUG_INFORMATION_FORMAT = "dwarf-with-dsym";
				ENABLE_NS_ASSERTIONS = NO;
				ENABLE_STRICT_OBJC_MSGSEND = YES;
				ENABLE_USER_SCRIPT_SANDBOXING = YES;
				GCC_C_LANGUAGE_STANDARD = gnu17;
				GCC_NO_COMMON_BLOCKS = YES;
				GCC_WARN_64_TO_32_BIT_CONVERSION = YES;
				GCC_WARN_ABOUT_RETURN_TYPE = YES_ERROR;
				GCC_WARN_UNDECLARED_SELECTOR = YES;
				GCC_WARN_UNINITIALIZED_AUTOS = YES_AGGRESSIVE;
				GCC_WARN_UNUSED_FUNCTION = YES;
				GCC_WARN_UNUSED_VARIABLE = YES;
				LOCALIZATION_PREFERS_STRING_CATALOGS = YES;
				MACOSX_DEPLOYMENT_TARGET = 15.1;
				MTL_ENABLE_DEBUG_INFO = NO;
				MTL_FAST_MATH = YES;
				SDKROOT = macosx;
				SWIFT_COMPILATION_MODE = wholemodule;
				VERSIONING_SYSTEM = "apple-generic";
				VERSION_INFO_PREFIX = "";
			};
			name = Release;
		};
		8BE00CCB2D7F7E9800764127 /* Debug */ = {
			isa = XCBuildConfiguration;
			buildSettings = {
				CODE_SIGN_STYLE = Automatic;
				CURRENT_PROJECT_VERSION = 1;
				GENERATE_INFOPLIST_FILE = YES;
				IPHONEOS_DEPLOYMENT_TARGET = 16.6;
				MACOSX_DEPLOYMENT_TARGET = 14.6;
				MARKETING_VERSION = 1.0;
				PRODUCT_BUNDLE_IDENTIFIER = com.ed..CountryGuruCoreTests;
				PRODUCT_NAME = "$(TARGET_NAME)";
				SUPPORTED_PLATFORMS = "iphoneos iphonesimulator macosx";
				SUPPORTS_MACCATALYST = NO;
				SWIFT_EMIT_LOC_STRINGS = NO;
				SWIFT_VERSION = 5.0;
				TARGETED_DEVICE_FAMILY = 1;
			};
			name = Debug;
		};
		8BE00CCC2D7F7E9800764127 /* Release */ = {
			isa = XCBuildConfiguration;
			buildSettings = {
				CODE_SIGN_STYLE = Automatic;
				CURRENT_PROJECT_VERSION = 1;
				GENERATE_INFOPLIST_FILE = YES;
				IPHONEOS_DEPLOYMENT_TARGET = 16.6;
				MACOSX_DEPLOYMENT_TARGET = 14.6;
				MARKETING_VERSION = 1.0;
				PRODUCT_BUNDLE_IDENTIFIER = com.ed..CountryGuruCoreTests;
				PRODUCT_NAME = "$(TARGET_NAME)";
				SUPPORTED_PLATFORMS = "iphoneos iphonesimulator macosx";
				SUPPORTS_MACCATALYST = NO;
				SWIFT_EMIT_LOC_STRINGS = NO;
				SWIFT_VERSION = 5.0;
				TARGETED_DEVICE_FAMILY = 1;
			};
			name = Release;
		};
/* End XCBuildConfiguration section */

/* Begin XCConfigurationList section */
		8BDC60102D9B0AEC00EB478F /* Build configuration list for PBXNativeTarget "CountryGuruCoreIntegrationTests" */ = {
			isa = XCConfigurationList;
			buildConfigurations = (
				8BDC600E2D9B0AEC00EB478F /* Debug */,
				8BDC600F2D9B0AEC00EB478F /* Release */,
			);
			defaultConfigurationIsVisible = 0;
			defaultConfigurationName = Release;
		};
		8BE00CAE2D7F7E9800764127 /* Build configuration list for PBXProject "CountryGuruCore" */ = {
			isa = XCConfigurationList;
			buildConfigurations = (
				8BE00CC82D7F7E9800764127 /* Debug */,
				8BE00CC92D7F7E9800764127 /* Release */,
			);
			defaultConfigurationIsVisible = 0;
			defaultConfigurationName = Release;
		};
		8BE00CC52D7F7E9800764127 /* Build configuration list for PBXNativeTarget "CountryGuruCore" */ = {
			isa = XCConfigurationList;
			buildConfigurations = (
				8BE00CC62D7F7E9800764127 /* Debug */,
				8BE00CC72D7F7E9800764127 /* Release */,
			);
			defaultConfigurationIsVisible = 0;
			defaultConfigurationName = Release;
		};
		8BE00CCA2D7F7E9800764127 /* Build configuration list for PBXNativeTarget "CountryGuruCoreTests" */ = {
			isa = XCConfigurationList;
			buildConfigurations = (
				8BE00CCB2D7F7E9800764127 /* Debug */,
				8BE00CCC2D7F7E9800764127 /* Release */,
			);
			defaultConfigurationIsVisible = 0;
			defaultConfigurationName = Release;
		};
/* End XCConfigurationList section */
	};
	rootObject = 8BE00CAB2D7F7E9800764127 /* Project object */;
}
